// !$*UTF8*$!
{
	archiveVersion = 1;
	classes = {
	};
	objectVersion = 46;
	objects = {

/* Begin PBXBuildFile section */
		78C5EB411BED720900111DF6 /* main.m in Sources */ = {isa = PBXBuildFile; fileRef = 78C5EB401BED720900111DF6 /* main.m */; };
		78C5EB441BED720900111DF6 /* AppDelegate.m in Sources */ = {isa = PBXBuildFile; fileRef = 78C5EB431BED720900111DF6 /* AppDelegate.m */; };
		78C5EB471BED720900111DF6 /* ViewController.m in Sources */ = {isa = PBXBuildFile; fileRef = 78C5EB461BED720900111DF6 /* ViewController.m */; };
		78C5EB4A1BED720900111DF6 /* Main.storyboard in Resources */ = {isa = PBXBuildFile; fileRef = 78C5EB481BED720900111DF6 /* Main.storyboard */; };
		78C5EB4C1BED720900111DF6 /* Assets.xcassets in Resources */ = {isa = PBXBuildFile; fileRef = 78C5EB4B1BED720900111DF6 /* Assets.xcassets */; };
		78C5EB4F1BED720900111DF6 /* LaunchScreen.storyboard in Resources */ = {isa = PBXBuildFile; fileRef = 78C5EB4D1BED720900111DF6 /* LaunchScreen.storyboard */; };
		78C5EB5A1BED720900111DF6 /* EmptyDataTableViewDemoTests.m in Sources */ = {isa = PBXBuildFile; fileRef = 78C5EB591BED720900111DF6 /* EmptyDataTableViewDemoTests.m */; };
		78C5EB651BED720900111DF6 /* EmptyDataTableViewDemoUITests.m in Sources */ = {isa = PBXBuildFile; fileRef = 78C5EB641BED720900111DF6 /* EmptyDataTableViewDemoUITests.m */; };
		78C5EB741BEEE1D600111DF6 /* EmptyDataManager.m in Sources */ = {isa = PBXBuildFile; fileRef = 78C5EB731BEEE1D600111DF6 /* EmptyDataManager.m */; };
		78C5EB7E1BEEEB5300111DF6 /* button_background_icloud_highlight.png in Resources */ = {isa = PBXBuildFile; fileRef = 78C5EB761BEEEB5300111DF6 /* button_background_icloud_highlight.png */; };
		78C5EB7F1BEEEB5300111DF6 /* button_background_icloud_highlight@2x.png in Resources */ = {isa = PBXBuildFile; fileRef = 78C5EB771BEEEB5300111DF6 /* button_background_icloud_highlight@2x.png */; };
		78C5EB801BEEEB5300111DF6 /* button_background_icloud_normal.png in Resources */ = {isa = PBXBuildFile; fileRef = 78C5EB781BEEEB5300111DF6 /* button_background_icloud_normal.png */; };
		78C5EB811BEEEB5300111DF6 /* button_background_icloud_normal@2x.png in Resources */ = {isa = PBXBuildFile; fileRef = 78C5EB791BEEEB5300111DF6 /* button_background_icloud_normal@2x.png */; };
		78C5EB821BEEEB5300111DF6 /* placeholder_vesper.png in Resources */ = {isa = PBXBuildFile; fileRef = 78C5EB7A1BEEEB5300111DF6 /* placeholder_vesper.png */; };
		78C5EB831BEEEB5300111DF6 /* placeholder_vesper@2x.png in Resources */ = {isa = PBXBuildFile; fileRef = 78C5EB7B1BEEEB5300111DF6 /* placeholder_vesper@2x.png */; };
		78C5EB841BEEEB5300111DF6 /* UIScrollView+EmptyDataSet.m in Sources */ = {isa = PBXBuildFile; fileRef = 78C5EB7D1BEEEB5300111DF6 /* UIScrollView+EmptyDataSet.m */; };
/* End PBXBuildFile section */

/* Begin PBXContainerItemProxy section */
		78C5EB561BED720900111DF6 /* PBXContainerItemProxy */ = {
			isa = PBXContainerItemProxy;
			containerPortal = 78C5EB341BED720900111DF6 /* Project object */;
			proxyType = 1;
			remoteGlobalIDString = 78C5EB3B1BED720900111DF6;
			remoteInfo = EmptyDataTableViewDemo;
		};
		78C5EB611BED720900111DF6 /* PBXContainerItemProxy */ = {
			isa = PBXContainerItemProxy;
			containerPortal = 78C5EB341BED720900111DF6 /* Project object */;
			proxyType = 1;
			remoteGlobalIDString = 78C5EB3B1BED720900111DF6;
			remoteInfo = EmptyDataTableViewDemo;
		};
/* End PBXContainerItemProxy section */

/* Begin PBXFileReference section */
		78C5EB3C1BED720900111DF6 /* EmptyDataTableViewDemo.app */ = {isa = PBXFileReference; explicitFileType = wrapper.application; includeInIndex = 0; path = EmptyDataTableViewDemo.app; sourceTree = BUILT_PRODUCTS_DIR; };
		78C5EB401BED720900111DF6 /* main.m */ = {isa = PBXFileReference; lastKnownFileType = sourcecode.c.objc; path = main.m; sourceTree = "<group>"; };
		78C5EB421BED720900111DF6 /* AppDelegate.h */ = {isa = PBXFileReference; lastKnownFileType = sourcecode.c.h; path = AppDelegate.h; sourceTree = "<group>"; };
		78C5EB431BED720900111DF6 /* AppDelegate.m */ = {isa = PBXFileReference; lastKnownFileType = sourcecode.c.objc; path = AppDelegate.m; sourceTree = "<group>"; };
		78C5EB451BED720900111DF6 /* ViewController.h */ = {isa = PBXFileReference; lastKnownFileType = sourcecode.c.h; path = ViewController.h; sourceTree = "<group>"; };
		78C5EB461BED720900111DF6 /* ViewController.m */ = {isa = PBXFileReference; lastKnownFileType = sourcecode.c.objc; path = ViewController.m; sourceTree = "<group>"; };
		78C5EB491BED720900111DF6 /* Base */ = {isa = PBXFileReference; lastKnownFileType = file.storyboard; name = Base; path = Base.lproj/Main.storyboard; sourceTree = "<group>"; };
		78C5EB4B1BED720900111DF6 /* Assets.xcassets */ = {isa = PBXFileReference; lastKnownFileType = folder.assetcatalog; path = Assets.xcassets; sourceTree = "<group>"; };
		78C5EB4E1BED720900111DF6 /* Base */ = {isa = PBXFileReference; lastKnownFileType = file.storyboard; name = Base; path = Base.lproj/LaunchScreen.storyboard; sourceTree = "<group>"; };
		78C5EB501BED720900111DF6 /* Info.plist */ = {isa = PBXFileReference; lastKnownFileType = text.plist.xml; path = Info.plist; sourceTree = "<group>"; };
		78C5EB551BED720900111DF6 /* EmptyDataTableViewDemoTests.xctest */ = {isa = PBXFileReference; explicitFileType = wrapper.cfbundle; includeInIndex = 0; path = EmptyDataTableViewDemoTests.xctest; sourceTree = BUILT_PRODUCTS_DIR; };
		78C5EB591BED720900111DF6 /* EmptyDataTableViewDemoTests.m */ = {isa = PBXFileReference; lastKnownFileType = sourcecode.c.objc; path = EmptyDataTableViewDemoTests.m; sourceTree = "<group>"; };
		78C5EB5B1BED720900111DF6 /* Info.plist */ = {isa = PBXFileReference; lastKnownFileType = text.plist.xml; path = Info.plist; sourceTree = "<group>"; };
		78C5EB601BED720900111DF6 /* EmptyDataTableViewDemoUITests.xctest */ = {isa = PBXFileReference; explicitFileType = wrapper.cfbundle; includeInIndex = 0; path = EmptyDataTableViewDemoUITests.xctest; sourceTree = BUILT_PRODUCTS_DIR; };
		78C5EB641BED720900111DF6 /* EmptyDataTableViewDemoUITests.m */ = {isa = PBXFileReference; lastKnownFileType = sourcecode.c.objc; path = EmptyDataTableViewDemoUITests.m; sourceTree = "<group>"; };
		78C5EB661BED720900111DF6 /* Info.plist */ = {isa = PBXFileReference; lastKnownFileType = text.plist.xml; path = Info.plist; sourceTree = "<group>"; };
		78C5EB721BEEE1D600111DF6 /* EmptyDataManager.h */ = {isa = PBXFileReference; fileEncoding = 4; lastKnownFileType = sourcecode.c.h; path = EmptyDataManager.h; sourceTree = "<group>"; };
		78C5EB731BEEE1D600111DF6 /* EmptyDataManager.m */ = {isa = PBXFileReference; fileEncoding = 4; lastKnownFileType = sourcecode.c.objc; path = EmptyDataManager.m; sourceTree = "<group>"; };
		78C5EB761BEEEB5300111DF6 /* button_background_icloud_highlight.png */ = {isa = PBXFileReference; lastKnownFileType = image.png; path = button_background_icloud_highlight.png; sourceTree = "<group>"; };
		78C5EB771BEEEB5300111DF6 /* button_background_icloud_highlight@2x.png */ = {isa = PBXFileReference; lastKnownFileType = image.png; path = "button_background_icloud_highlight@2x.png"; sourceTree = "<group>"; };
		78C5EB781BEEEB5300111DF6 /* button_background_icloud_normal.png */ = {isa = PBXFileReference; lastKnownFileType = image.png; path = button_background_icloud_normal.png; sourceTree = "<group>"; };
		78C5EB791BEEEB5300111DF6 /* button_background_icloud_normal@2x.png */ = {isa = PBXFileReference; lastKnownFileType = image.png; path = "button_background_icloud_normal@2x.png"; sourceTree = "<group>"; };
		78C5EB7A1BEEEB5300111DF6 /* placeholder_vesper.png */ = {isa = PBXFileReference; lastKnownFileType = image.png; path = placeholder_vesper.png; sourceTree = "<group>"; };
		78C5EB7B1BEEEB5300111DF6 /* placeholder_vesper@2x.png */ = {isa = PBXFileReference; lastKnownFileType = image.png; path = "placeholder_vesper@2x.png"; sourceTree = "<group>"; };
		78C5EB7C1BEEEB5300111DF6 /* UIScrollView+EmptyDataSet.h */ = {isa = PBXFileReference; fileEncoding = 4; lastKnownFileType = sourcecode.c.h; path = "UIScrollView+EmptyDataSet.h"; sourceTree = "<group>"; };
		78C5EB7D1BEEEB5300111DF6 /* UIScrollView+EmptyDataSet.m */ = {isa = PBXFileReference; fileEncoding = 4; lastKnownFileType = sourcecode.c.objc; path = "UIScrollView+EmptyDataSet.m"; sourceTree = "<group>"; };
/* End PBXFileReference section */

/* Begin PBXFrameworksBuildPhase section */
		78C5EB391BED720900111DF6 /* Frameworks */ = {
			isa = PBXFrameworksBuildPhase;
			buildActionMask = 2147483647;
			files = (
			);
			runOnlyForDeploymentPostprocessing = 0;
		};
		78C5EB521BED720900111DF6 /* Frameworks */ = {
			isa = PBXFrameworksBuildPhase;
			buildActionMask = 2147483647;
			files = (
			);
			runOnlyForDeploymentPostprocessing = 0;
		};
		78C5EB5D1BED720900111DF6 /* Frameworks */ = {
			isa = PBXFrameworksBuildPhase;
			buildActionMask = 2147483647;
			files = (
			);
			runOnlyForDeploymentPostprocessing = 0;
		};
/* End PBXFrameworksBuildPhase section */

/* Begin PBXGroup section */
		78C5EB331BED720900111DF6 = {
			isa = PBXGroup;
			children = (
				78C5EB3E1BED720900111DF6 /* EmptyDataTableViewDemo */,
				78C5EB581BED720900111DF6 /* EmptyDataTableViewDemoTests */,
				78C5EB631BED720900111DF6 /* EmptyDataTableViewDemoUITests */,
				78C5EB3D1BED720900111DF6 /* Products */,
			);
			sourceTree = "<group>";
		};
		78C5EB3D1BED720900111DF6 /* Products */ = {
			isa = PBXGroup;
			children = (
				78C5EB3C1BED720900111DF6 /* EmptyDataTableViewDemo.app */,
				78C5EB551BED720900111DF6 /* EmptyDataTableViewDemoTests.xctest */,
				78C5EB601BED720900111DF6 /* EmptyDataTableViewDemoUITests.xctest */,
			);
			name = Products;
			sourceTree = "<group>";
		};
		78C5EB3E1BED720900111DF6 /* EmptyDataTableViewDemo */ = {
			isa = PBXGroup;
			children = (
				78C5EB751BEEEB5300111DF6 /* DZNEmptyDataSet */,
				78C5EB721BEEE1D600111DF6 /* EmptyDataManager.h */,
				78C5EB731BEEE1D600111DF6 /* EmptyDataManager.m */,
				78C5EB421BED720900111DF6 /* AppDelegate.h */,
				78C5EB431BED720900111DF6 /* AppDelegate.m */,
				78C5EB451BED720900111DF6 /* ViewController.h */,
				78C5EB461BED720900111DF6 /* ViewController.m */,
				78C5EB481BED720900111DF6 /* Main.storyboard */,
				78C5EB4B1BED720900111DF6 /* Assets.xcassets */,
				78C5EB4D1BED720900111DF6 /* LaunchScreen.storyboard */,
				78C5EB501BED720900111DF6 /* Info.plist */,
				78C5EB3F1BED720900111DF6 /* Supporting Files */,
			);
			path = EmptyDataTableViewDemo;
			sourceTree = "<group>";
		};
		78C5EB3F1BED720900111DF6 /* Supporting Files */ = {
			isa = PBXGroup;
			children = (
				78C5EB401BED720900111DF6 /* main.m */,
			);
			name = "Supporting Files";
			sourceTree = "<group>";
		};
		78C5EB581BED720900111DF6 /* EmptyDataTableViewDemoTests */ = {
			isa = PBXGroup;
			children = (
				78C5EB591BED720900111DF6 /* EmptyDataTableViewDemoTests.m */,
				78C5EB5B1BED720900111DF6 /* Info.plist */,
			);
			path = EmptyDataTableViewDemoTests;
			sourceTree = "<group>";
		};
		78C5EB631BED720900111DF6 /* EmptyDataTableViewDemoUITests */ = {
			isa = PBXGroup;
			children = (
				78C5EB641BED720900111DF6 /* EmptyDataTableViewDemoUITests.m */,
				78C5EB661BED720900111DF6 /* Info.plist */,
			);
			path = EmptyDataTableViewDemoUITests;
			sourceTree = "<group>";
		};
		78C5EB751BEEEB5300111DF6 /* DZNEmptyDataSet */ = {
			isa = PBXGroup;
			children = (
				78C5EB761BEEEB5300111DF6 /* button_background_icloud_highlight.png */,
				78C5EB771BEEEB5300111DF6 /* button_background_icloud_highlight@2x.png */,
				78C5EB781BEEEB5300111DF6 /* button_background_icloud_normal.png */,
				78C5EB791BEEEB5300111DF6 /* button_background_icloud_normal@2x.png */,
				78C5EB7A1BEEEB5300111DF6 /* placeholder_vesper.png */,
				78C5EB7B1BEEEB5300111DF6 /* placeholder_vesper@2x.png */,
				78C5EB7C1BEEEB5300111DF6 /* UIScrollView+EmptyDataSet.h */,
				78C5EB7D1BEEEB5300111DF6 /* UIScrollView+EmptyDataSet.m */,
			);
			path = DZNEmptyDataSet;
			sourceTree = "<group>";
		};
/* End PBXGroup section */

/* Begin PBXNativeTarget section */
		78C5EB3B1BED720900111DF6 /* EmptyDataTableViewDemo */ = {
			isa = PBXNativeTarget;
			buildConfigurationList = 78C5EB691BED720900111DF6 /* Build configuration list for PBXNativeTarget "EmptyDataTableViewDemo" */;
			buildPhases = (
				78C5EB381BED720900111DF6 /* Sources */,
				78C5EB391BED720900111DF6 /* Frameworks */,
				78C5EB3A1BED720900111DF6 /* Resources */,
			);
			buildRules = (
			);
			dependencies = (
			);
			name = EmptyDataTableViewDemo;
			productName = EmptyDataTableViewDemo;
			productReference = 78C5EB3C1BED720900111DF6 /* EmptyDataTableViewDemo.app */;
			productType = "com.apple.product-type.application";
		};
		78C5EB541BED720900111DF6 /* EmptyDataTableViewDemoTests */ = {
			isa = PBXNativeTarget;
			buildConfigurationList = 78C5EB6C1BED720900111DF6 /* Build configuration list for PBXNativeTarget "EmptyDataTableViewDemoTests" */;
			buildPhases = (
				78C5EB511BED720900111DF6 /* Sources */,
				78C5EB521BED720900111DF6 /* Frameworks */,
				78C5EB531BED720900111DF6 /* Resources */,
			);
			buildRules = (
			);
			dependencies = (
				78C5EB571BED720900111DF6 /* PBXTargetDependency */,
			);
			name = EmptyDataTableViewDemoTests;
			productName = EmptyDataTableViewDemoTests;
			productReference = 78C5EB551BED720900111DF6 /* EmptyDataTableViewDemoTests.xctest */;
			productType = "com.apple.product-type.bundle.unit-test";
		};
		78C5EB5F1BED720900111DF6 /* EmptyDataTableViewDemoUITests */ = {
			isa = PBXNativeTarget;
			buildConfigurationList = 78C5EB6F1BED720900111DF6 /* Build configuration list for PBXNativeTarget "EmptyDataTableViewDemoUITests" */;
			buildPhases = (
				78C5EB5C1BED720900111DF6 /* Sources */,
				78C5EB5D1BED720900111DF6 /* Frameworks */,
				78C5EB5E1BED720900111DF6 /* Resources */,
			);
			buildRules = (
			);
			dependencies = (
				78C5EB621BED720900111DF6 /* PBXTargetDependency */,
			);
			name = EmptyDataTableViewDemoUITests;
			productName = EmptyDataTableViewDemoUITests;
			productReference = 78C5EB601BED720900111DF6 /* EmptyDataTableViewDemoUITests.xctest */;
			productType = "com.apple.product-type.bundle.ui-testing";
		};
/* End PBXNativeTarget section */

/* Begin PBXProject section */
		78C5EB341BED720900111DF6 /* Project object */ = {
			isa = PBXProject;
			attributes = {
				LastUpgradeCheck = 0710;
				ORGANIZATIONNAME = crw;
				TargetAttributes = {
					78C5EB3B1BED720900111DF6 = {
						CreatedOnToolsVersion = 7.1;
					};
					78C5EB541BED720900111DF6 = {
						CreatedOnToolsVersion = 7.1;
						TestTargetID = 78C5EB3B1BED720900111DF6;
					};
					78C5EB5F1BED720900111DF6 = {
						CreatedOnToolsVersion = 7.1;
						TestTargetID = 78C5EB3B1BED720900111DF6;
					};
				};
			};
			buildConfigurationList = 78C5EB371BED720900111DF6 /* Build configuration list for PBXProject "EmptyDataTableViewDemo" */;
			compatibilityVersion = "Xcode 3.2";
			developmentRegion = English;
			hasScannedForEncodings = 0;
			knownRegions = (
				en,
				Base,
			);
			mainGroup = 78C5EB331BED720900111DF6;
			productRefGroup = 78C5EB3D1BED720900111DF6 /* Products */;
			projectDirPath = "";
			projectRoot = "";
			targets = (
				78C5EB3B1BED720900111DF6 /* EmptyDataTableViewDemo */,
				78C5EB541BED720900111DF6 /* EmptyDataTableViewDemoTests */,
				78C5EB5F1BED720900111DF6 /* EmptyDataTableViewDemoUITests */,
			);
		};
/* End PBXProject section */

/* Begin PBXResourcesBuildPhase section */
		78C5EB3A1BED720900111DF6 /* Resources */ = {
			isa = PBXResourcesBuildPhase;
			buildActionMask = 2147483647;
			files = (
				78C5EB821BEEEB5300111DF6 /* placeholder_vesper.png in Resources */,
				78C5EB811BEEEB5300111DF6 /* button_background_icloud_normal@2x.png in Resources */,
				78C5EB801BEEEB5300111DF6 /* button_background_icloud_normal.png in Resources */,
				78C5EB4F1BED720900111DF6 /* LaunchScreen.storyboard in Resources */,
				78C5EB4C1BED720900111DF6 /* Assets.xcassets in Resources */,
				78C5EB831BEEEB5300111DF6 /* placeholder_vesper@2x.png in Resources */,
				78C5EB7F1BEEEB5300111DF6 /* button_background_icloud_highlight@2x.png in Resources */,
				78C5EB7E1BEEEB5300111DF6 /* button_background_icloud_highlight.png in Resources */,
				78C5EB4A1BED720900111DF6 /* Main.storyboard in Resources */,
			);
			runOnlyForDeploymentPostprocessing = 0;
		};
		78C5EB531BED720900111DF6 /* Resources */ = {
			isa = PBXResourcesBuildPhase;
			buildActionMask = 2147483647;
			files = (
			);
			runOnlyForDeploymentPostprocessing = 0;
		};
		78C5EB5E1BED720900111DF6 /* Resources */ = {
			isa = PBXResourcesBuildPhase;
			buildActionMask = 2147483647;
			files = (
			);
			runOnlyForDeploymentPostprocessing = 0;
		};
/* End PBXResourcesBuildPhase section */

/* Begin PBXSourcesBuildPhase section */
		78C5EB381BED720900111DF6 /* Sources */ = {
			isa = PBXSourcesBuildPhase;
			buildActionMask = 2147483647;
			files = (
				78C5EB471BED720900111DF6 /* ViewController.m in Sources */,
				78C5EB741BEEE1D600111DF6 /* EmptyDataManager.m in Sources */,
				78C5EB441BED720900111DF6 /* AppDelegate.m in Sources */,
				78C5EB411BED720900111DF6 /* main.m in Sources */,
				78C5EB841BEEEB5300111DF6 /* UIScrollView+EmptyDataSet.m in Sources */,
			);
			runOnlyForDeploymentPostprocessing = 0;
		};
		78C5EB511BED720900111DF6 /* Sources */ = {
			isa = PBXSourcesBuildPhase;
			buildActionMask = 2147483647;
			files = (
				78C5EB5A1BED720900111DF6 /* EmptyDataTableViewDemoTests.m in Sources */,
			);
			runOnlyForDeploymentPostprocessing = 0;
		};
		78C5EB5C1BED720900111DF6 /* Sources */ = {
			isa = PBXSourcesBuildPhase;
			buildActionMask = 2147483647;
			files = (
				78C5EB651BED720900111DF6 /* EmptyDataTableViewDemoUITests.m in Sources */,
			);
			runOnlyForDeploymentPostprocessing = 0;
		};
/* End PBXSourcesBuildPhase section */

/* Begin PBXTargetDependency section */
		78C5EB571BED720900111DF6 /* PBXTargetDependency */ = {
			isa = PBXTargetDependency;
			target = 78C5EB3B1BED720900111DF6 /* EmptyDataTableViewDemo */;
			targetProxy = 78C5EB561BED720900111DF6 /* PBXContainerItemProxy */;
		};
		78C5EB621BED720900111DF6 /* PBXTargetDependency */ = {
			isa = PBXTargetDependency;
			target = 78C5EB3B1BED720900111DF6 /* EmptyDataTableViewDemo */;
			targetProxy = 78C5EB611BED720900111DF6 /* PBXContainerItemProxy */;
		};
/* End PBXTargetDependency section */

/* Begin PBXVariantGroup section */
		78C5EB481BED720900111DF6 /* Main.storyboard */ = {
			isa = PBXVariantGroup;
			children = (
				78C5EB491BED720900111DF6 /* Base */,
			);
			name = Main.storyboard;
			sourceTree = "<group>";
		};
		78C5EB4D1BED720900111DF6 /* LaunchScreen.storyboard */ = {
			isa = PBXVariantGroup;
			children = (
				78C5EB4E1BED720900111DF6 /* Base */,
			);
			name = LaunchScreen.storyboard;
			sourceTree = "<group>";
		};
/* End PBXVariantGroup section */

/* Begin XCBuildConfiguration section */
		78C5EB671BED720900111DF6 /* Debug */ = {
			isa = XCBuildConfiguration;
			buildSettings = {
				ALWAYS_SEARCH_USER_PATHS = NO;
				CLANG_CXX_LANGUAGE_STANDARD = "gnu++0x";
				CLANG_CXX_LIBRARY = "libc++";
				CLANG_ENABLE_MODULES = YES;
				CLANG_ENABLE_OBJC_ARC = YES;
				CLANG_WARN_BOOL_CONVERSION = YES;
				CLANG_WARN_CONSTANT_CONVERSION = YES;
				CLANG_WARN_DIRECT_OBJC_ISA_USAGE = YES_ERROR;
				CLANG_WARN_EMPTY_BODY = YES;
				CLANG_WARN_ENUM_CONVERSION = YES;
				CLANG_WARN_INT_CONVERSION = YES;
				CLANG_WARN_OBJC_ROOT_CLASS = YES_ERROR;
				CLANG_WARN_UNREACHABLE_CODE = YES;
				CLANG_WARN__DUPLICATE_METHOD_MATCH = YES;
				"CODE_SIGN_IDENTITY[sdk=iphoneos*]" = "iPhone Developer";
				COPY_PHASE_STRIP = NO;
				DEBUG_INFORMATION_FORMAT = dwarf;
				ENABLE_STRICT_OBJC_MSGSEND = YES;
				ENABLE_TESTABILITY = YES;
				GCC_C_LANGUAGE_STANDARD = gnu99;
				GCC_DYNAMIC_NO_PIC = NO;
				GCC_NO_COMMON_BLOCKS = YES;
				GCC_OPTIMIZATION_LEVEL = 0;
				GCC_PREPROCESSOR_DEFINITIONS = (
					"DEBUG=1",
					"$(inherited)",
				);
				GCC_WARN_64_TO_32_BIT_CONVERSION = YES;
				GCC_WARN_ABOUT_RETURN_TYPE = YES_ERROR;
				GCC_WARN_UNDECLARED_SELECTOR = YES;
				GCC_WARN_UNINITIALIZED_AUTOS = YES_AGGRESSIVE;
				GCC_WARN_UNUSED_FUNCTION = YES;
				GCC_WARN_UNUSED_VARIABLE = YES;
				IPHONEOS_DEPLOYMENT_TARGET = 9.1;
				MTL_ENABLE_DEBUG_INFO = YES;
				ONLY_ACTIVE_ARCH = YES;
				SDKROOT = iphoneos;
				TARGETED_DEVICE_FAMILY = "1,2";
			};
			name = Debug;
		};
		78C5EB681BED720900111DF6 /* Release */ = {
			isa = XCBuildConfiguration;
			buildSettings = {
				ALWAYS_SEARCH_USER_PATHS = NO;
				CLANG_CXX_LANGUAGE_STANDARD = "gnu++0x";
				CLANG_CXX_LIBRARY = "libc++";
				CLANG_ENABLE_MODULES = YES;
				CLANG_ENABLE_OBJC_ARC = YES;
				CLANG_WARN_BOOL_CONVERSION = YES;
				CLANG_WARN_CONSTANT_CONVERSION = YES;
				CLANG_WARN_DIRECT_OBJC_ISA_USAGE = YES_ERROR;
				CLANG_WARN_EMPTY_BODY = YES;
				CLANG_WARN_ENUM_CONVERSION = YES;
				CLANG_WARN_INT_CONVERSION = YES;
				CLANG_WARN_OBJC_ROOT_CLASS = YES_ERROR;
				CLANG_WARN_UNREACHABLE_CODE = YES;
				CLANG_WARN__DUPLICATE_METHOD_MATCH = YES;
				"CODE_SIGN_IDENTITY[sdk=iphoneos*]" = "iPhone Developer";
				COPY_PHASE_STRIP = NO;
				DEBUG_INFORMATION_FORMAT = "dwarf-with-dsym";
				ENABLE_NS_ASSERTIONS = NO;
				ENABLE_STRICT_OBJC_MSGSEND = YES;
				GCC_C_LANGUAGE_STANDARD = gnu99;
				GCC_NO_COMMON_BLOCKS = YES;
				GCC_WARN_64_TO_32_BIT_CONVERSION = YES;
				GCC_WARN_ABOUT_RETURN_TYPE = YES_ERROR;
				GCC_WARN_UNDECLARED_SELECTOR = YES;
				GCC_WARN_UNINITIALIZED_AUTOS = YES_AGGRESSIVE;
				GCC_WARN_UNUSED_FUNCTION = YES;
				GCC_WARN_UNUSED_VARIABLE = YES;
				IPHONEOS_DEPLOYMENT_TARGET = 9.1;
				MTL_ENABLE_DEBUG_INFO = NO;
				SDKROOT = iphoneos;
				TARGETED_DEVICE_FAMILY = "1,2";
				VALIDATE_PRODUCT = YES;
			};
			name = Release;
		};
		78C5EB6A1BED720900111DF6 /* Debug */ = {
			isa = XCBuildConfiguration;
			buildSettings = {
				ASSETCATALOG_COMPILER_APPICON_NAME = AppIcon;
				INFOPLIST_FILE = EmptyDataTableViewDemo/Info.plist;
				LD_RUNPATH_SEARCH_PATHS = "$(inherited) @executable_path/Frameworks";
				PRODUCT_BUNDLE_IDENTIFIER = "-.EmptyDataTableViewDemo";
				PRODUCT_NAME = "$(TARGET_NAME)";
			};
			name = Debug;
		};
		78C5EB6B1BED720900111DF6 /* Release */ = {
			isa = XCBuildConfiguration;
			buildSettings = {
				ASSETCATALOG_COMPILER_APPICON_NAME = AppIcon;
				INFOPLIST_FILE = EmptyDataTableViewDemo/Info.plist;
				LD_RUNPATH_SEARCH_PATHS = "$(inherited) @executable_path/Frameworks";
				PRODUCT_BUNDLE_IDENTIFIER = "-.EmptyDataTableViewDemo";
				PRODUCT_NAME = "$(TARGET_NAME)";
			};
			name = Release;
		};
		78C5EB6D1BED720900111DF6 /* Debug */ = {
			isa = XCBuildConfiguration;
			buildSettings = {
				BUNDLE_LOADER = "$(TEST_HOST)";
				INFOPLIST_FILE = EmptyDataTableViewDemoTests/Info.plist;
				LD_RUNPATH_SEARCH_PATHS = "$(inherited) @executable_path/Frameworks @loader_path/Frameworks";
				PRODUCT_BUNDLE_IDENTIFIER = "-.EmptyDataTableViewDemoTests";
				PRODUCT_NAME = "$(TARGET_NAME)";
				TEST_HOST = "$(BUILT_PRODUCTS_DIR)/EmptyDataTableViewDemo.app/EmptyDataTableViewDemo";
			};
			name = Debug;
		};
		78C5EB6E1BED720900111DF6 /* Release */ = {
			isa = XCBuildConfiguration;
			buildSettings = {
				BUNDLE_LOADER = "$(TEST_HOST)";
				INFOPLIST_FILE = EmptyDataTableViewDemoTests/Info.plist;
				LD_RUNPATH_SEARCH_PATHS = "$(inherited) @executable_path/Frameworks @loader_path/Frameworks";
				PRODUCT_BUNDLE_IDENTIFIER = "-.EmptyDataTableViewDemoTests";
				PRODUCT_NAME = "$(TARGET_NAME)";
				TEST_HOST = "$(BUILT_PRODUCTS_DIR)/EmptyDataTableViewDemo.app/EmptyDataTableViewDemo";
			};
			name = Release;
		};
		78C5EB701BED720900111DF6 /* Debug */ = {
			isa = XCBuildConfiguration;
			buildSettings = {
				INFOPLIST_FILE = EmptyDataTableViewDemoUITests/Info.plist;
				LD_RUNPATH_SEARCH_PATHS = "$(inherited) @executable_path/Frameworks @loader_path/Frameworks";
				PRODUCT_BUNDLE_IDENTIFIER = "-.EmptyDataTableViewDemoUITests";
				PRODUCT_NAME = "$(TARGET_NAME)";
				TEST_TARGET_NAME = EmptyDataTableViewDemo;
				USES_XCTRUNNER = YES;
			};
			name = Debug;
		};
		78C5EB711BED720900111DF6 /* Release */ = {
			isa = XCBuildConfiguration;
			buildSettings = {
				INFOPLIST_FILE = EmptyDataTableViewDemoUITests/Info.plist;
				LD_RUNPATH_SEARCH_PATHS = "$(inherited) @executable_path/Frameworks @loader_path/Frameworks";
				PRODUCT_BUNDLE_IDENTIFIER = "-.EmptyDataTableViewDemoUITests";
				PRODUCT_NAME = "$(TARGET_NAME)";
				TEST_TARGET_NAME = EmptyDataTableViewDemo;
				USES_XCTRUNNER = YES;
			};
			name = Release;
		};
/* End XCBuildConfiguration section */

/* Begin XCConfigurationList section */
		78C5EB371BED720900111DF6 /* Build configuration list for PBXProject "EmptyDataTableViewDemo" */ = {
			isa = XCConfigurationList;
			buildConfigurations = (
				78C5EB671BED720900111DF6 /* Debug */,
				78C5EB681BED720900111DF6 /* Release */,
			);
			defaultConfigurationIsVisible = 0;
			defaultConfigurationName = Release;
		};
		78C5EB691BED720900111DF6 /* Build configuration list for PBXNativeTarget "EmptyDataTableViewDemo" */ = {
			isa = XCConfigurationList;
			buildConfigurations = (
				78C5EB6A1BED720900111DF6 /* Debug */,
				78C5EB6B1BED720900111DF6 /* Release */,
			);
			defaultConfigurationIsVisible = 0;
		};
		78C5EB6C1BED720900111DF6 /* Build configuration list for PBXNativeTarget "EmptyDataTableViewDemoTests" */ = {
			isa = XCConfigurationList;
			buildConfigurations = (
				78C5EB6D1BED720900111DF6 /* Debug */,
				78C5EB6E1BED720900111DF6 /* Release */,
			);
			defaultConfigurationIsVisible = 0;
		};
		78C5EB6F1BED720900111DF6 /* Build configuration list for PBXNativeTarget "EmptyDataTableViewDemoUITests" */ = {
			isa = XCConfigurationList;
			buildConfigurations = (
				78C5EB701BED720900111DF6 /* Debug */,
				78C5EB711BED720900111DF6 /* Release */,
			);
			defaultConfigurationIsVisible = 0;
		};
/* End XCConfigurationList section */
	};
	rootObject = 78C5EB341BED720900111DF6 /* Project object */;
}
